
Microsoft Visual Studio Solution File, Format Version 12.00
# Visual Studio 15
VisualStudioVersion = 15.0.28307.1433
MinimumVisualStudioVersion = 10.0.40219.1
Project("{FAE04EC0-301F-11D3-BF4B-00C04F79EFBC}") = "MedidoresEF", "MedidoresEF\MedidoresEF.csproj", "{13438B7E-98C6-4CFC-86E3-5D3C99BEE802}"
EndProject
Project("{FAE04EC0-301F-11D3-BF4B-00C04F79EFBC}") = "MedidoresDatos", "MedidoresDatos\MedidoresDatos.csproj", "{BE254A34-3CF6-46F2-A98C-2C2D83B3D559}"
EndProject
Global
	GlobalSection(SolutionConfigurationPlatforms) = preSolution
		Debug|Any CPU = Debug|Any CPU
		Release|Any CPU = Release|Any CPU
	EndGlobalSection
	GlobalSection(ProjectConfigurationPlatforms) = postSolution
		{13438B7E-98C6-4CFC-86E3-5D3C99BEE802}.Debug|Any CPU.ActiveCfg = Debug|Any CPU
		{13438B7E-98C6-4CFC-86E3-5D3C99BEE802}.Debug|Any CPU.Build.0 = Debug|Any CPU
		{13438B7E-98C6-4CFC-86E3-5D3C99BEE802}.Release|Any CPU.ActiveCfg = Release|Any CPU
		{13438B7E-98C6-4CFC-86E3-5D3C99BEE802}.Release|Any CPU.Build.0 = Release|Any CPU
		{BE254A34-3CF6-46F2-A98C-2C2D83B3D559}.Debug|Any CPU.ActiveCfg = Debug|Any CPU
		{BE254A34-3CF6-46F2-A98C-2C2D83B3D559}.Debug|Any CPU.Build.0 = Debug|Any CPU
		{BE254A34-3CF6-46F2-A98C-2C2D83B3D559}.Release|Any CPU.ActiveCfg = Release|Any CPU
		{BE254A34-3CF6-46F2-A98C-2C2D83B3D559}.Release|Any CPU.Build.0 = Release|Any CPU
	EndGlobalSection
	GlobalSection(SolutionProperties) = preSolution
		HideSolutionNode = FALSE
	EndGlobalSection
	GlobalSection(ExtensibilityGlobals) = postSolution
		SolutionGuid = {0597E76A-FBF8-4B46-A2F9-5C8811D6D2FC}
	EndGlobalSection
EndGlobal
